{
  "name": "blockfish-fumen-discord-bot",
  "version": "1.0.0",
  "lockfileVersion": 2,
  "requires": true,
  "packages": {
    "": {
      "name": "blockfish-fumen-discord-bot",
      "version": "1.0.0",
      "license": "ISC",
      "dependencies": {
        "blockfish": "file:blockfish/blockfish-js",
        "discord.js": "^12.5.1",
        "tetris-fumen": "^1.1.1",
        "turl": "^1.1.2"
      }
    },
    "blockfish/blockfish-js": {
      "name": "blockfish",
      "version": "0.1.0",
      "license": "LGPL-2.1",
      "dependencies": {
        "google-protobuf": "^3.14.0"
      },
      "devDependencies": {
        "jsdoc": "^3.6.6"
      }
    },
    "node_modules/@babel/parser": {
      "version": "7.18.0",
      "dev": true,
      "license": "MIT",
      "bin": {
        "parser": "bin/babel-parser.js"
      },
      "engines": {
        "node": ">=6.0.0"
      }
    },
    "node_modules/@discordjs/collection": {
      "version": "0.1.6",
      "license": "Apache-2.0"
    },
    "node_modules/@discordjs/form-data": {
      "version": "3.0.1",
      "license": "MIT",
      "dependencies": {
        "asynckit": "^0.4.0",
        "combined-stream": "^1.0.8",
        "mime-types": "^2.1.12"
      },
      "engines": {
        "node": ">= 6"
      }
    },
    "node_modules/@types/linkify-it": {
      "version": "3.0.2",
      "dev": true,
      "license": "MIT"
    },
    "node_modules/@types/markdown-it": {
      "version": "12.2.3",
      "dev": true,
      "license": "MIT",
      "dependencies": {
        "@types/linkify-it": "*",
        "@types/mdurl": "*"
      }
    },
    "node_modules/@types/mdurl": {
      "version": "1.0.2",
      "dev": true,
      "license": "MIT"
    },
    "node_modules/abort-controller": {
      "version": "3.0.0",
      "license": "MIT",
      "dependencies": {
        "event-target-shim": "^5.0.0"
      },
      "engines": {
        "node": ">=6.5"
      }
    },
    "node_modules/argparse": {
      "version": "2.0.1",
      "dev": true,
      "license": "Python-2.0"
    },
    "node_modules/asynckit": {
      "version": "0.4.0",
      "license": "MIT"
    },
    "node_modules/blockfish": {
      "resolved": "blockfish/blockfish-js",
      "link": true
    },
    "node_modules/bluebird": {
      "version": "3.7.2",
      "dev": true,
      "license": "MIT"
    },
    "node_modules/catharsis": {
      "version": "0.9.0",
      "dev": true,
      "license": "MIT",
      "dependencies": {
        "lodash": "^4.17.15"
      },
      "engines": {
        "node": ">= 10"
      }
    },
    "node_modules/combined-stream": {
      "version": "1.0.8",
      "license": "MIT",
      "dependencies": {
        "delayed-stream": "~1.0.0"
      },
      "engines": {
        "node": ">= 0.8"
      }
    },
    "node_modules/delayed-stream": {
      "version": "1.0.0",
      "license": "MIT",
      "engines": {
        "node": ">=0.4.0"
      }
    },
    "node_modules/discord.js": {
      "version": "12.5.1",
      "license": "Apache-2.0",
      "dependencies": {
        "@discordjs/collection": "^0.1.6",
        "@discordjs/form-data": "^3.0.1",
        "abort-controller": "^3.0.0",
        "node-fetch": "^2.6.1",
        "prism-media": "^1.2.2",
        "setimmediate": "^1.0.5",
        "tweetnacl": "^1.0.3",
        "ws": "^7.3.1"
      },
      "engines": {
        "node": ">=12.0.0"
      }
    },
    "node_modules/entities": {
      "version": "2.1.0",
      "dev": true,
      "license": "BSD-2-Clause",
      "funding": {
        "url": "https://github.com/fb55/entities?sponsor=1"
      }
    },
    "node_modules/escape-string-regexp": {
      "version": "2.0.0",
      "dev": true,
      "license": "MIT",
      "engines": {
        "node": ">=8"
      }
    },
    "node_modules/event-target-shim": {
      "version": "5.0.1",
      "license": "MIT",
      "engines": {
        "node": ">=6"
      }
    },
    "node_modules/google-protobuf": {
      "version": "3.20.1",
      "license": "BSD-3-Clause"
    },
    "node_modules/js2xmlparser": {
      "version": "4.0.2",
      "dev": true,
      "license": "Apache-2.0",
      "dependencies": {
        "xmlcreate": "^2.0.4"
      }
    },
    "node_modules/jsdoc": {
      "version": "3.6.10",
      "dev": true,
      "license": "Apache-2.0",
      "dependencies": {
        "@babel/parser": "^7.9.4",
        "@types/markdown-it": "^12.2.3",
        "bluebird": "^3.7.2",
        "catharsis": "^0.9.0",
        "escape-string-regexp": "^2.0.0",
        "js2xmlparser": "^4.0.2",
        "klaw": "^4.0.1",
        "markdown-it": "^12.3.2",
        "markdown-it-anchor": "^8.4.1",
        "marked": "^4.0.10",
        "mkdirp": "^1.0.4",
        "requizzle": "^0.2.3",
        "strip-json-comments": "^3.1.0",
        "taffydb": "2.6.2",
        "underscore": "~1.13.2"
      },
      "bin": {
        "jsdoc": "jsdoc.js"
      },
      "engines": {
        "node": ">=8.15.0"
      }
    },
    "node_modules/klaw": {
      "version": "4.0.1",
      "dev": true,
      "license": "MIT",
      "engines": {
        "node": ">=14.14.0"
      }
    },
    "node_modules/linkify-it": {
      "version": "3.0.3",
      "dev": true,
      "license": "MIT",
      "dependencies": {
        "uc.micro": "^1.0.1"
      }
    },
    "node_modules/lodash": {
      "version": "4.17.21",
      "dev": true,
      "license": "MIT"
    },
    "node_modules/markdown-it": {
      "version": "12.3.2",
      "dev": true,
      "license": "MIT",
      "dependencies": {
        "argparse": "^2.0.1",
        "entities": "~2.1.0",
        "linkify-it": "^3.0.1",
        "mdurl": "^1.0.1",
        "uc.micro": "^1.0.5"
      },
      "bin": {
        "markdown-it": "bin/markdown-it.js"
      }
    },
    "node_modules/markdown-it-anchor": {
      "version": "8.6.4",
      "dev": true,
      "license": "Unlicense",
      "peerDependencies": {
        "@types/markdown-it": "*",
        "markdown-it": "*"
      }
    },
    "node_modules/marked": {
      "version": "4.0.16",
      "dev": true,
      "license": "MIT",
      "bin": {
        "marked": "bin/marked.js"
      },
      "engines": {
        "node": ">= 12"
      }
    },
    "node_modules/mdurl": {
      "version": "1.0.1",
      "dev": true,
      "license": "MIT"
    },
    "node_modules/mime-db": {
      "version": "1.45.0",
      "license": "MIT",
      "engines": {
        "node": ">= 0.6"
      }
    },
    "node_modules/mime-types": {
      "version": "2.1.28",
      "license": "MIT",
      "dependencies": {
        "mime-db": "1.45.0"
      },
      "engines": {
        "node": ">= 0.6"
      }
    },
    "node_modules/mkdirp": {
      "version": "1.0.4",
      "dev": true,
      "license": "MIT",
      "bin": {
        "mkdirp": "bin/cmd.js"
      },
      "engines": {
        "node": ">=10"
      }
    },
    "node_modules/node-fetch": {
      "version": "2.6.7",
      "license": "MIT",
      "dependencies": {
        "whatwg-url": "^5.0.0"
      },
      "engines": {
        "node": "4.x || >=6.0.0"
      },
      "peerDependencies": {
        "encoding": "^0.1.0"
      },
      "peerDependenciesMeta": {
        "encoding": {
          "optional": true
        }
      }
    },
    "node_modules/prism-media": {
      "version": "1.2.3",
      "license": "Apache-2.0",
      "peerDependencies": {
        "@discordjs/opus": "^0.3.3",
        "ffmpeg-static": "^4.2.7 || ^3.0.0 || ^2.4.0",
        "node-opus": "^0.3.3",
        "opusscript": "^0.0.7"
      },
      "peerDependenciesMeta": {
        "@discordjs/opus": {
          "optional": true
        },
        "ffmpeg-static": {
          "optional": true
        },
        "node-opus": {
          "optional": true
        },
        "opusscript": {
          "optional": true
        }
      }
    },
    "node_modules/requizzle": {
      "version": "0.2.3",
      "dev": true,
      "license": "MIT",
      "dependencies": {
        "lodash": "^4.17.14"
      }
    },
    "node_modules/setimmediate": {
      "version": "1.0.5",
      "license": "MIT"
    },
    "node_modules/strip-json-comments": {
      "version": "3.1.1",
      "dev": true,
      "license": "MIT",
      "engines": {
        "node": ">=8"
      },
      "funding": {
        "url": "https://github.com/sponsors/sindresorhus"
      }
    },
    "node_modules/taffydb": {
      "version": "2.6.2",
      "dev": true
    },
    "node_modules/tetris-fumen": {
      "version": "1.1.1",
      "license": "MIT"
    },
    "node_modules/tr46": {
      "version": "0.0.3",
      "license": "MIT"
    },
    "node_modules/turl": {
      "version": "1.1.2",
      "license": "MIT"
    },
    "node_modules/tweetnacl": {
      "version": "1.0.3",
      "license": "Unlicense"
    },
    "node_modules/uc.micro": {
      "version": "1.0.6",
      "dev": true,
      "license": "MIT"
    },
    "node_modules/underscore": {
      "version": "1.13.3",
      "dev": true,
      "license": "MIT"
    },
    "node_modules/webidl-conversions": {
      "version": "3.0.1",
      "license": "BSD-2-Clause"
    },
    "node_modules/whatwg-url": {
      "version": "5.0.0",
      "license": "MIT",
      "dependencies": {
        "tr46": "~0.0.3",
        "webidl-conversions": "^3.0.0"
      }
    },
    "node_modules/ws": {
      "version": "7.5.7",
      "license": "MIT",
      "engines": {
        "node": ">=8.3.0"
      },
      "peerDependencies": {
        "bufferutil": "^4.0.1",
        "utf-8-validate": "^5.0.2"
      },
      "peerDependenciesMeta": {
        "bufferutil": {
          "optional": true
        },
        "utf-8-validate": {
          "optional": true
        }
      }
    },
    "node_modules/xmlcreate": {
      "version": "2.0.4",
      "dev": true,
      "license": "Apache-2.0"
    }
  },
  "dependencies": {
    "@babel/parser": {
      "version": "7.18.0",
      "dev": true
    },
    "@discordjs/collection": {
      "version": "0.1.6"
    },
    "@discordjs/form-data": {
      "version": "3.0.1",
      "requires": {
        "asynckit": "^0.4.0",
        "combined-stream": "^1.0.8",
        "mime-types": "^2.1.12"
      }
    },
    "@types/linkify-it": {
      "version": "3.0.2",
      "dev": true
    },
    "@types/markdown-it": {
      "version": "12.2.3",
      "dev": true,
      "requires": {
        "@types/linkify-it": "*",
        "@types/mdurl": "*"
      }
    },
    "@types/mdurl": {
      "version": "1.0.2",
      "dev": true
    },
    "abort-controller": {
      "version": "3.0.0",
      "requires": {
        "event-target-shim": "^5.0.0"
      }
    },
    "argparse": {
      "version": "2.0.1",
      "dev": true
    },
    "asynckit": {
      "version": "0.4.0"
    },
    "blockfish": {
      "version": "file:blockfish/blockfish-js",
      "requires": {
        "google-protobuf": "^3.14.0",
        "jsdoc": "^3.6.6"
      }
    },
    "bluebird": {
      "version": "3.7.2",
      "dev": true
    },
    "catharsis": {
      "version": "0.9.0",
      "dev": true,
      "requires": {
        "lodash": "^4.17.15"
      }
    },
    "combined-stream": {
      "version": "1.0.8",
      "requires": {
        "delayed-stream": "~1.0.0"
      }
    },
    "delayed-stream": {
      "version": "1.0.0"
    },
    "discord.js": {
      "version": "12.5.1",
      "requires": {
        "@discordjs/collection": "^0.1.6",
        "@discordjs/form-data": "^3.0.1",
        "abort-controller": "^3.0.0",
        "node-fetch": "^2.6.1",
        "prism-media": "^1.2.2",
        "setimmediate": "^1.0.5",
        "tweetnacl": "^1.0.3",
        "ws": "^7.3.1"
      }
    },
    "entities": {
      "version": "2.1.0",
      "dev": true
    },
    "escape-string-regexp": {
      "version": "2.0.0",
      "dev": true
    },
    "event-target-shim": {
      "version": "5.0.1"
    },
    "google-protobuf": {
      "version": "3.20.1"
    },
    "js2xmlparser": {
      "version": "4.0.2",
      "dev": true,
      "requires": {
        "xmlcreate": "^2.0.4"
      }
    },
    "jsdoc": {
      "version": "3.6.10",
      "dev": true,
      "requires": {
        "@babel/parser": "^7.9.4",
        "@types/markdown-it": "^12.2.3",
        "bluebird": "^3.7.2",
        "catharsis": "^0.9.0",
        "escape-string-regexp": "^2.0.0",
        "js2xmlparser": "^4.0.2",
        "klaw": "^4.0.1",
        "markdown-it": "^12.3.2",
        "markdown-it-anchor": "^8.4.1",
        "marked": "^4.0.10",
        "mkdirp": "^1.0.4",
        "requizzle": "^0.2.3",
        "strip-json-comments": "^3.1.0",
        "taffydb": "2.6.2",
        "underscore": "~1.13.2"
      }
    },
    "klaw": {
      "version": "4.0.1",
      "dev": true
    },
    "linkify-it": {
      "version": "3.0.3",
      "dev": true,
      "requires": {
        "uc.micro": "^1.0.1"
      }
    },
    "lodash": {
      "version": "4.17.21",
      "dev": true
    },
    "markdown-it": {
      "version": "12.3.2",
      "dev": true,
      "requires": {
        "argparse": "^2.0.1",
        "entities": "~2.1.0",
        "linkify-it": "^3.0.1",
        "mdurl": "^1.0.1",
        "uc.micro": "^1.0.5"
      }
    },
    "markdown-it-anchor": {
      "version": "8.6.4",
      "dev": true,
      "requires": {}
    },
    "marked": {
      "version": "4.0.16",
      "dev": true
    },
    "mdurl": {
      "version": "1.0.1",
      "dev": true
    },
    "mime-db": {
      "version": "1.45.0"
    },
    "mime-types": {
      "version": "2.1.28",
      "requires": {
        "mime-db": "1.45.0"
      }
    },
    "mkdirp": {
      "version": "1.0.4",
      "dev": true
    },
    "node-fetch": {
      "version": "2.6.7",
      "requires": {
        "whatwg-url": "^5.0.0"
      }
    },
    "prism-media": {
      "version": "1.2.3",
      "requires": {}
    },
    "requizzle": {
      "version": "0.2.3",
      "dev": true,
      "requires": {
        "lodash": "^4.17.14"
      }
    },
    "setimmediate": {
      "version": "1.0.5"
    },
    "strip-json-comments": {
      "version": "3.1.1",
      "dev": true
    },
    "taffydb": {
      "version": "2.6.2",
      "dev": true
    },
    "tetris-fumen": {
      "version": "1.1.1"
    },
    "tr46": {
      "version": "0.0.3"
    },
    "turl": {
      "version": "1.1.2"
    },
    "tweetnacl": {
      "version": "1.0.3"
    },
    "uc.micro": {
      "version": "1.0.6",
      "dev": true
    },
    "underscore": {
      "version": "1.13.3",
      "dev": true
    },
    "webidl-conversions": {
      "version": "3.0.1"
    },
    "whatwg-url": {
      "version": "5.0.0",
      "requires": {
        "tr46": "~0.0.3",
        "webidl-conversions": "^3.0.0"
      }
    },
    "ws": {
      "version": "7.5.7",
      "requires": {}
    },
    "xmlcreate": {
      "version": "2.0.4",
      "dev": true
    }
  }
}
